
Microsoft Visual Studio Solution File, Format Version 12.00
# Visual Studio Version 16
VisualStudioVersion = 16.0.30907.101
MinimumVisualStudioVersion = 10.0.40219.1
Project("{9A19103F-16F7-4668-BE54-9A1E7A4F7556}") = "BB.Host", "BB.Host\BB.Host.csproj", "{0D51C499-C5C0-4232-8835-9F73022175E1}"
EndProject
Project("{9A19103F-16F7-4668-BE54-9A1E7A4F7556}") = "BB.Core", "BB.Core\BB.Core.csproj", "{72BCE699-CEB3-475C-9AC5-4FE7205AC18C}"
EndProject
Project("{9A19103F-16F7-4668-BE54-9A1E7A4F7556}") = "BB.Compiler", "BB.Compiler\BB.Compiler.csproj", "{01CD00E6-4936-46C0-83D4-6C36047C6E5A}"
EndProject
Project("{9A19103F-16F7-4668-BE54-9A1E7A4F7556}") = "BB.Utils", "BB.Utils\BB.Utils.csproj", "{2904E6D3-068A-4FA3-A627-FCB71A0CF557}"
EndProject
Project("{2150E333-8FDC-42A3-9474-1A3956D46DE8}") = "src", "src", "{65E32528-180B-442D-B73D-30B9C71A5D95}"
EndProject
Project("{2150E333-8FDC-42A3-9474-1A3956D46DE8}") = "tests", "tests", "{6DE696CE-92A1-4B0D-9D91-57264D7D0956}"
EndProject
Project("{9A19103F-16F7-4668-BE54-9A1E7A4F7556}") = "BB.Tokenizer", "BB.Tokenizer\BB.Tokenizer.csproj", "{8258C890-43CA-426D-9C21-0A6CED068E1D}"
EndProject
Project("{9A19103F-16F7-4668-BE54-9A1E7A4F7556}") = "BB.IO", "BB.IO\BB.IO.csproj", "{89C97033-959D-4675-956C-4D282BA8EB1B}"
EndProject
Project("{9A19103F-16F7-4668-BE54-9A1E7A4F7556}") = "BB.Memory", "BB.Memory\BB.Memory.csproj", "{B2ADAF02-0CEF-4E68-80F4-8662AA84A822}"
EndProject
Project("{9A19103F-16F7-4668-BE54-9A1E7A4F7556}") = "BB.Transactions", "BB.Transactions\BB.Transactions.csproj", "{07732964-9E4A-43E1-85C2-592107C0CE2E}"
EndProject
Project("{9A19103F-16F7-4668-BE54-9A1E7A4F7556}") = "BB.Record", "BB.Record\BB.Record.csproj", "{7876BDD8-CCE2-4A82-80A3-50C75E7D3B1B}"
EndProject
Project("{9A19103F-16F7-4668-BE54-9A1E7A4F7556}") = "BB.Tests", "BB.Tests\BB.Tests.csproj", "{1C8204D2-45BE-48B1-BEC7-E35AF30CC400}"
EndProject
Project("{9A19103F-16F7-4668-BE54-9A1E7A4F7556}") = "BB.Metadata", "BB.Metadata\BB.Metadata.csproj", "{2571BED1-C687-4855-9773-8B1AB7B6AD25}"
EndProject
Project("{FAE04EC0-301F-11D3-BF4B-00C04F79EFBC}") = "BB.Query", "BB.Query\BB.Query.csproj", "{DAE36D3E-DF81-428B-95C9-52A28009C639}"
EndProject
Global
	GlobalSection(SolutionConfigurationPlatforms) = preSolution
		Debug|Any CPU = Debug|Any CPU
		Release|Any CPU = Release|Any CPU
	EndGlobalSection
	GlobalSection(ProjectConfigurationPlatforms) = postSolution
		{0D51C499-C5C0-4232-8835-9F73022175E1}.Debug|Any CPU.ActiveCfg = Debug|Any CPU
		{0D51C499-C5C0-4232-8835-9F73022175E1}.Debug|Any CPU.Build.0 = Debug|Any CPU
		{0D51C499-C5C0-4232-8835-9F73022175E1}.Release|Any CPU.ActiveCfg = Release|Any CPU
		{0D51C499-C5C0-4232-8835-9F73022175E1}.Release|Any CPU.Build.0 = Release|Any CPU
		{72BCE699-CEB3-475C-9AC5-4FE7205AC18C}.Debug|Any CPU.ActiveCfg = Debug|Any CPU
		{72BCE699-CEB3-475C-9AC5-4FE7205AC18C}.Debug|Any CPU.Build.0 = Debug|Any CPU
		{72BCE699-CEB3-475C-9AC5-4FE7205AC18C}.Release|Any CPU.ActiveCfg = Release|Any CPU
		{72BCE699-CEB3-475C-9AC5-4FE7205AC18C}.Release|Any CPU.Build.0 = Release|Any CPU
		{01CD00E6-4936-46C0-83D4-6C36047C6E5A}.Debug|Any CPU.ActiveCfg = Debug|Any CPU
		{01CD00E6-4936-46C0-83D4-6C36047C6E5A}.Debug|Any CPU.Build.0 = Debug|Any CPU
		{01CD00E6-4936-46C0-83D4-6C36047C6E5A}.Release|Any CPU.ActiveCfg = Release|Any CPU
		{01CD00E6-4936-46C0-83D4-6C36047C6E5A}.Release|Any CPU.Build.0 = Release|Any CPU
		{2904E6D3-068A-4FA3-A627-FCB71A0CF557}.Debug|Any CPU.ActiveCfg = Debug|Any CPU
		{2904E6D3-068A-4FA3-A627-FCB71A0CF557}.Debug|Any CPU.Build.0 = Debug|Any CPU
		{2904E6D3-068A-4FA3-A627-FCB71A0CF557}.Release|Any CPU.ActiveCfg = Release|Any CPU
		{2904E6D3-068A-4FA3-A627-FCB71A0CF557}.Release|Any CPU.Build.0 = Release|Any CPU
		{8258C890-43CA-426D-9C21-0A6CED068E1D}.Debug|Any CPU.ActiveCfg = Debug|Any CPU
		{8258C890-43CA-426D-9C21-0A6CED068E1D}.Debug|Any CPU.Build.0 = Debug|Any CPU
		{8258C890-43CA-426D-9C21-0A6CED068E1D}.Release|Any CPU.ActiveCfg = Release|Any CPU
		{8258C890-43CA-426D-9C21-0A6CED068E1D}.Release|Any CPU.Build.0 = Release|Any CPU
		{89C97033-959D-4675-956C-4D282BA8EB1B}.Debug|Any CPU.ActiveCfg = Debug|Any CPU
		{89C97033-959D-4675-956C-4D282BA8EB1B}.Debug|Any CPU.Build.0 = Debug|Any CPU
		{89C97033-959D-4675-956C-4D282BA8EB1B}.Release|Any CPU.ActiveCfg = Release|Any CPU
		{89C97033-959D-4675-956C-4D282BA8EB1B}.Release|Any CPU.Build.0 = Release|Any CPU
		{B2ADAF02-0CEF-4E68-80F4-8662AA84A822}.Debug|Any CPU.ActiveCfg = Debug|Any CPU
		{B2ADAF02-0CEF-4E68-80F4-8662AA84A822}.Debug|Any CPU.Build.0 = Debug|Any CPU
		{B2ADAF02-0CEF-4E68-80F4-8662AA84A822}.Release|Any CPU.ActiveCfg = Release|Any CPU
		{B2ADAF02-0CEF-4E68-80F4-8662AA84A822}.Release|Any CPU.Build.0 = Release|Any CPU
		{07732964-9E4A-43E1-85C2-592107C0CE2E}.Debug|Any CPU.ActiveCfg = Debug|Any CPU
		{07732964-9E4A-43E1-85C2-592107C0CE2E}.Debug|Any CPU.Build.0 = Debug|Any CPU
		{07732964-9E4A-43E1-85C2-592107C0CE2E}.Release|Any CPU.ActiveCfg = Release|Any CPU
		{07732964-9E4A-43E1-85C2-592107C0CE2E}.Release|Any CPU.Build.0 = Release|Any CPU
		{7876BDD8-CCE2-4A82-80A3-50C75E7D3B1B}.Debug|Any CPU.ActiveCfg = Debug|Any CPU
		{7876BDD8-CCE2-4A82-80A3-50C75E7D3B1B}.Debug|Any CPU.Build.0 = Debug|Any CPU
		{7876BDD8-CCE2-4A82-80A3-50C75E7D3B1B}.Release|Any CPU.ActiveCfg = Release|Any CPU
		{7876BDD8-CCE2-4A82-80A3-50C75E7D3B1B}.Release|Any CPU.Build.0 = Release|Any CPU
		{1C8204D2-45BE-48B1-BEC7-E35AF30CC400}.Debug|Any CPU.ActiveCfg = Debug|Any CPU
		{1C8204D2-45BE-48B1-BEC7-E35AF30CC400}.Debug|Any CPU.Build.0 = Debug|Any CPU
		{1C8204D2-45BE-48B1-BEC7-E35AF30CC400}.Release|Any CPU.ActiveCfg = Release|Any CPU
		{1C8204D2-45BE-48B1-BEC7-E35AF30CC400}.Release|Any CPU.Build.0 = Release|Any CPU
		{2571BED1-C687-4855-9773-8B1AB7B6AD25}.Debug|Any CPU.ActiveCfg = Debug|Any CPU
		{2571BED1-C687-4855-9773-8B1AB7B6AD25}.Debug|Any CPU.Build.0 = Debug|Any CPU
		{2571BED1-C687-4855-9773-8B1AB7B6AD25}.Release|Any CPU.ActiveCfg = Release|Any CPU
		{2571BED1-C687-4855-9773-8B1AB7B6AD25}.Release|Any CPU.Build.0 = Release|Any CPU
		{DAE36D3E-DF81-428B-95C9-52A28009C639}.Debug|Any CPU.ActiveCfg = Debug|Any CPU
		{DAE36D3E-DF81-428B-95C9-52A28009C639}.Debug|Any CPU.Build.0 = Debug|Any CPU
		{DAE36D3E-DF81-428B-95C9-52A28009C639}.Release|Any CPU.ActiveCfg = Release|Any CPU
		{DAE36D3E-DF81-428B-95C9-52A28009C639}.Release|Any CPU.Build.0 = Release|Any CPU
	EndGlobalSection
	GlobalSection(SolutionProperties) = preSolution
		HideSolutionNode = FALSE
	EndGlobalSection
	GlobalSection(NestedProjects) = preSolution
		{0D51C499-C5C0-4232-8835-9F73022175E1} = {65E32528-180B-442D-B73D-30B9C71A5D95}
		{72BCE699-CEB3-475C-9AC5-4FE7205AC18C} = {65E32528-180B-442D-B73D-30B9C71A5D95}
		{01CD00E6-4936-46C0-83D4-6C36047C6E5A} = {65E32528-180B-442D-B73D-30B9C71A5D95}
		{2904E6D3-068A-4FA3-A627-FCB71A0CF557} = {65E32528-180B-442D-B73D-30B9C71A5D95}
		{8258C890-43CA-426D-9C21-0A6CED068E1D} = {65E32528-180B-442D-B73D-30B9C71A5D95}
		{89C97033-959D-4675-956C-4D282BA8EB1B} = {65E32528-180B-442D-B73D-30B9C71A5D95}
		{B2ADAF02-0CEF-4E68-80F4-8662AA84A822} = {65E32528-180B-442D-B73D-30B9C71A5D95}
		{07732964-9E4A-43E1-85C2-592107C0CE2E} = {65E32528-180B-442D-B73D-30B9C71A5D95}
		{7876BDD8-CCE2-4A82-80A3-50C75E7D3B1B} = {65E32528-180B-442D-B73D-30B9C71A5D95}
		{1C8204D2-45BE-48B1-BEC7-E35AF30CC400} = {6DE696CE-92A1-4B0D-9D91-57264D7D0956}
		{2571BED1-C687-4855-9773-8B1AB7B6AD25} = {65E32528-180B-442D-B73D-30B9C71A5D95}
		{DAE36D3E-DF81-428B-95C9-52A28009C639} = {65E32528-180B-442D-B73D-30B9C71A5D95}
	EndGlobalSection
	GlobalSection(ExtensibilityGlobals) = postSolution
		SolutionGuid = {F946D5E4-BB30-49EF-A779-16A00E604B52}
	EndGlobalSection
EndGlobal
